
Microsoft Visual Studio Solution File, Format Version 12.00
# Visual Studio Version 17
VisualStudioVersion = 17.9.34714.143
MinimumVisualStudioVersion = 10.0.40219.1
Project("{9A19103F-16F7-4668-BE54-9A1E7A4F7556}") = "AutoglassChallenge.Domain", "AutoglassChallenge.Domain\AutoglassChallenge.Domain.csproj", "{BFEBAB71-0034-44AF-829D-4E8314FE3333}"
EndProject
Project("{9A19103F-16F7-4668-BE54-9A1E7A4F7556}") = "AutoglassChallenge.Application", "AutoglassChallenge.Application\AutoglassChallenge.Application.csproj", "{6BED99E2-B15D-4E87-BAE5-C5898226BE5E}"
EndProject
Project("{9A19103F-16F7-4668-BE54-9A1E7A4F7556}") = "AutoglassChallenge.API", "AutoglassChallenge.API\AutoglassChallenge.API.csproj", "{475FF11B-EE01-4296-8ECA-340F81DF8712}"
EndProject
Project("{9A19103F-16F7-4668-BE54-9A1E7A4F7556}") = "AutoglassChallenge.Tests", "AutoglassChallenge.Tests\AutoglassChallenge.Tests.csproj", "{75FE8CB2-89BF-4871-B423-68191AAFD7D6}"
EndProject
Project("{2150E333-8FDC-42A3-9474-1A3956D46DE8}") = "Solution Items", "Solution Items", "{98262104-4BA6-49F7-9339-08910BCA6EB0}"
	ProjectSection(SolutionItems) = preProject
		.editorconfig = .editorconfig
	EndProjectSection
EndProject
Project("{9A19103F-16F7-4668-BE54-9A1E7A4F7556}") = "AutoglassChallenge.Infra.IoC", "AutoglassChallenge.Infra.IoC\AutoglassChallenge.Infra.IoC.csproj", "{D97652EC-4978-4397-983C-9F0235F9BE91}"
EndProject
Project("{9A19103F-16F7-4668-BE54-9A1E7A4F7556}") = "AutoglassChallenge.Infra.Data", "AutoglassChallenge.Infra.Data\AutoglassChallenge.Infra.Data.csproj", "{B66CEE94-8B78-4BEF-87F2-5AED4ADD331D}"
EndProject
Global
	GlobalSection(SolutionConfigurationPlatforms) = preSolution
		Debug|Any CPU = Debug|Any CPU
		Release|Any CPU = Release|Any CPU
	EndGlobalSection
	GlobalSection(ProjectConfigurationPlatforms) = postSolution
		{BFEBAB71-0034-44AF-829D-4E8314FE3333}.Debug|Any CPU.ActiveCfg = Debug|Any CPU
		{BFEBAB71-0034-44AF-829D-4E8314FE3333}.Debug|Any CPU.Build.0 = Debug|Any CPU
		{BFEBAB71-0034-44AF-829D-4E8314FE3333}.Release|Any CPU.ActiveCfg = Release|Any CPU
		{BFEBAB71-0034-44AF-829D-4E8314FE3333}.Release|Any CPU.Build.0 = Release|Any CPU
		{6BED99E2-B15D-4E87-BAE5-C5898226BE5E}.Debug|Any CPU.ActiveCfg = Debug|Any CPU
		{6BED99E2-B15D-4E87-BAE5-C5898226BE5E}.Debug|Any CPU.Build.0 = Debug|Any CPU
		{6BED99E2-B15D-4E87-BAE5-C5898226BE5E}.Release|Any CPU.ActiveCfg = Release|Any CPU
		{6BED99E2-B15D-4E87-BAE5-C5898226BE5E}.Release|Any CPU.Build.0 = Release|Any CPU
		{475FF11B-EE01-4296-8ECA-340F81DF8712}.Debug|Any CPU.ActiveCfg = Debug|Any CPU
		{475FF11B-EE01-4296-8ECA-340F81DF8712}.Debug|Any CPU.Build.0 = Debug|Any CPU
		{475FF11B-EE01-4296-8ECA-340F81DF8712}.Release|Any CPU.ActiveCfg = Release|Any CPU
		{475FF11B-EE01-4296-8ECA-340F81DF8712}.Release|Any CPU.Build.0 = Release|Any CPU
		{75FE8CB2-89BF-4871-B423-68191AAFD7D6}.Debug|Any CPU.ActiveCfg = Debug|Any CPU
		{75FE8CB2-89BF-4871-B423-68191AAFD7D6}.Debug|Any CPU.Build.0 = Debug|Any CPU
		{75FE8CB2-89BF-4871-B423-68191AAFD7D6}.Release|Any CPU.ActiveCfg = Release|Any CPU
		{75FE8CB2-89BF-4871-B423-68191AAFD7D6}.Release|Any CPU.Build.0 = Release|Any CPU
		{D97652EC-4978-4397-983C-9F0235F9BE91}.Debug|Any CPU.ActiveCfg = Debug|Any CPU
		{D97652EC-4978-4397-983C-9F0235F9BE91}.Debug|Any CPU.Build.0 = Debug|Any CPU
		{D97652EC-4978-4397-983C-9F0235F9BE91}.Release|Any CPU.ActiveCfg = Release|Any CPU
		{D97652EC-4978-4397-983C-9F0235F9BE91}.Release|Any CPU.Build.0 = Release|Any CPU
		{B66CEE94-8B78-4BEF-87F2-5AED4ADD331D}.Debug|Any CPU.ActiveCfg = Debug|Any CPU
		{B66CEE94-8B78-4BEF-87F2-5AED4ADD331D}.Debug|Any CPU.Build.0 = Debug|Any CPU
		{B66CEE94-8B78-4BEF-87F2-5AED4ADD331D}.Release|Any CPU.ActiveCfg = Release|Any CPU
		{B66CEE94-8B78-4BEF-87F2-5AED4ADD331D}.Release|Any CPU.Build.0 = Release|Any CPU
	EndGlobalSection
	GlobalSection(SolutionProperties) = preSolution
		HideSolutionNode = FALSE
	EndGlobalSection
	GlobalSection(ExtensibilityGlobals) = postSolution
		SolutionGuid = {1F9D2978-E0E9-4BA3-968E-57A421FDDF42}
	EndGlobalSection
EndGlobal
